
Microsoft Visual Studio Solution File, Format Version 12.00
# Visual Studio 2013
VisualStudioVersion = 12.0.31101.0
MinimumVisualStudioVersion = 10.0.40219.1
Project("{FAE04EC0-301F-11D3-BF4B-00C04F79EFBC}") = "FizzBuzz", "FizzBuzz\FizzBuzz.csproj", "{41FB0A78-CC44-4F72-9BD0-038DC5244670}"
EndProject
Project("{FAE04EC0-301F-11D3-BF4B-00C04F79EFBC}") = "FizzBuzzServices.Tests", "FizzBuzz.Tests\FizzBuzzServices.Tests.csproj", "{F8A32DD8-9CFA-4F45-93A8-4833C89F39B7}"
EndProject
Project("{FAE04EC0-301F-11D3-BF4B-00C04F79EFBC}") = "FizzBuzzServices", "FizzBuzzServices\FizzBuzzServices.csproj", "{C0F8FB25-DC60-4A0E-96B8-1007E1326818}"
EndProject
Global
	GlobalSection(SolutionConfigurationPlatforms) = preSolution
		Debug|Any CPU = Debug|Any CPU
		Release|Any CPU = Release|Any CPU
	EndGlobalSection
	GlobalSection(ProjectConfigurationPlatforms) = postSolution
		{41FB0A78-CC44-4F72-9BD0-038DC5244670}.Debug|Any CPU.ActiveCfg = Debug|Any CPU
		{41FB0A78-CC44-4F72-9BD0-038DC5244670}.Debug|Any CPU.Build.0 = Debug|Any CPU
		{41FB0A78-CC44-4F72-9BD0-038DC5244670}.Release|Any CPU.ActiveCfg = Release|Any CPU
		{41FB0A78-CC44-4F72-9BD0-038DC5244670}.Release|Any CPU.Build.0 = Release|Any CPU
		{F8A32DD8-9CFA-4F45-93A8-4833C89F39B7}.Debug|Any CPU.ActiveCfg = Debug|Any CPU
		{F8A32DD8-9CFA-4F45-93A8-4833C89F39B7}.Debug|Any CPU.Build.0 = Debug|Any CPU
		{F8A32DD8-9CFA-4F45-93A8-4833C89F39B7}.Release|Any CPU.ActiveCfg = Release|Any CPU
		{F8A32DD8-9CFA-4F45-93A8-4833C89F39B7}.Release|Any CPU.Build.0 = Release|Any CPU
		{C0F8FB25-DC60-4A0E-96B8-1007E1326818}.Debug|Any CPU.ActiveCfg = Debug|Any CPU
		{C0F8FB25-DC60-4A0E-96B8-1007E1326818}.Debug|Any CPU.Build.0 = Debug|Any CPU
		{C0F8FB25-DC60-4A0E-96B8-1007E1326818}.Release|Any CPU.ActiveCfg = Release|Any CPU
		{C0F8FB25-DC60-4A0E-96B8-1007E1326818}.Release|Any CPU.Build.0 = Release|Any CPU
	EndGlobalSection
	GlobalSection(SolutionProperties) = preSolution
		HideSolutionNode = FALSE
	EndGlobalSection
EndGlobal
